// !$*UTF8*$!
{
	archiveVersion = 1;
	classes = {
	};
	objectVersion = 50;
	objects = {

/* Begin PBXBuildFile section */
		37A585EB240FAEC500386D50 /* AppDelegate.swift in Sources */ = {isa = PBXBuildFile; fileRef = 37A585EA240FAEC500386D50 /* AppDelegate.swift */; };
		37A585ED240FAEC500386D50 /* SceneDelegate.swift in Sources */ = {isa = PBXBuildFile; fileRef = 37A585EC240FAEC500386D50 /* SceneDelegate.swift */; };
		37A585EF240FAEC500386D50 /* HomeController.swift in Sources */ = {isa = PBXBuildFile; fileRef = 37A585EE240FAEC500386D50 /* HomeController.swift */; };
		37A585F4240FAEC800386D50 /* Assets.xcassets in Resources */ = {isa = PBXBuildFile; fileRef = 37A585F3240FAEC800386D50 /* Assets.xcassets */; };
		37A585F7240FAEC800386D50 /* LaunchScreen.storyboard in Resources */ = {isa = PBXBuildFile; fileRef = 37A585F5240FAEC800386D50 /* LaunchScreen.storyboard */; };
		37A58602240FAEC900386D50 /* TesterTests.swift in Sources */ = {isa = PBXBuildFile; fileRef = 37A58601240FAEC900386D50 /* TesterTests.swift */; };
		37A5860D240FAEC900386D50 /* TesterUITests.swift in Sources */ = {isa = PBXBuildFile; fileRef = 37A5860C240FAEC900386D50 /* TesterUITests.swift */; };
		37A5861F240FB4D100386D50 /* Controller1.swift in Sources */ = {isa = PBXBuildFile; fileRef = 37A5861E240FB4D100386D50 /* Controller1.swift */; };
		37A58621240FB52F00386D50 /* Controller2.swift in Sources */ = {isa = PBXBuildFile; fileRef = 37A58620240FB52F00386D50 /* Controller2.swift */; };
/* End PBXBuildFile section */

/* Begin PBXContainerItemProxy section */
		37A585FE240FAEC900386D50 /* PBXContainerItemProxy */ = {
			isa = PBXContainerItemProxy;
			containerPortal = 37A585DF240FAEC400386D50 /* Project object */;
			proxyType = 1;
			remoteGlobalIDString = 37A585E6240FAEC500386D50;
			remoteInfo = Tester;
		};
		37A58609240FAEC900386D50 /* PBXContainerItemProxy */ = {
			isa = PBXContainerItemProxy;
			containerPortal = 37A585DF240FAEC400386D50 /* Project object */;
			proxyType = 1;
			remoteGlobalIDString = 37A585E6240FAEC500386D50;
			remoteInfo = Tester;
		};
/* End PBXContainerItemProxy section */

/* Begin PBXFileReference section */
		37A585E7240FAEC500386D50 /* ManipulateNavigation.app */ = {isa = PBXFileReference; explicitFileType = wrapper.application; includeInIndex = 0; path = ManipulateNavigation.app; sourceTree = BUILT_PRODUCTS_DIR; };
		37A585EA240FAEC500386D50 /* AppDelegate.swift */ = {isa = PBXFileReference; lastKnownFileType = sourcecode.swift; path = AppDelegate.swift; sourceTree = "<group>"; };
		37A585EC240FAEC500386D50 /* SceneDelegate.swift */ = {isa = PBXFileReference; lastKnownFileType = sourcecode.swift; path = SceneDelegate.swift; sourceTree = "<group>"; };
		37A585EE240FAEC500386D50 /* HomeController.swift */ = {isa = PBXFileReference; lastKnownFileType = sourcecode.swift; path = HomeController.swift; sourceTree = "<group>"; };
		37A585F3240FAEC800386D50 /* Assets.xcassets */ = {isa = PBXFileReference; lastKnownFileType = folder.assetcatalog; path = Assets.xcassets; sourceTree = "<group>"; };
		37A585F6240FAEC800386D50 /* Base */ = {isa = PBXFileReference; lastKnownFileType = file.storyboard; name = Base; path = Base.lproj/LaunchScreen.storyboard; sourceTree = "<group>"; };
		37A585F8240FAEC800386D50 /* Info.plist */ = {isa = PBXFileReference; lastKnownFileType = text.plist.xml; name = Info.plist; path = source/Info.plist; sourceTree = SOURCE_ROOT; };
		37A585FD240FAEC900386D50 /* ManipulateNavigationTests.xctest */ = {isa = PBXFileReference; explicitFileType = wrapper.cfbundle; includeInIndex = 0; path = ManipulateNavigationTests.xctest; sourceTree = BUILT_PRODUCTS_DIR; };
		37A58601240FAEC900386D50 /* TesterTests.swift */ = {isa = PBXFileReference; lastKnownFileType = sourcecode.swift; path = TesterTests.swift; sourceTree = "<group>"; };
		37A58603240FAEC900386D50 /* Info.plist */ = {isa = PBXFileReference; lastKnownFileType = text.plist.xml; path = Info.plist; sourceTree = "<group>"; };
		37A58608240FAEC900386D50 /* ManipulateNavigationUITests.xctest */ = {isa = PBXFileReference; explicitFileType = wrapper.cfbundle; includeInIndex = 0; path = ManipulateNavigationUITests.xctest; sourceTree = BUILT_PRODUCTS_DIR; };
		37A5860C240FAEC900386D50 /* TesterUITests.swift */ = {isa = PBXFileReference; lastKnownFileType = sourcecode.swift; path = TesterUITests.swift; sourceTree = "<group>"; };
		37A5860E240FAEC900386D50 /* Info.plist */ = {isa = PBXFileReference; lastKnownFileType = text.plist.xml; path = Info.plist; sourceTree = "<group>"; };
		37A5861E240FB4D100386D50 /* Controller1.swift */ = {isa = PBXFileReference; lastKnownFileType = sourcecode.swift; path = Controller1.swift; sourceTree = "<group>"; };
		37A58620240FB52F00386D50 /* Controller2.swift */ = {isa = PBXFileReference; lastKnownFileType = sourcecode.swift; path = Controller2.swift; sourceTree = "<group>"; };
/* End PBXFileReference section */

/* Begin PBXFrameworksBuildPhase section */
		37A585E4240FAEC500386D50 /* Frameworks */ = {
			isa = PBXFrameworksBuildPhase;
			buildActionMask = 2147483647;
			files = (
			);
			runOnlyForDeploymentPostprocessing = 0;
		};
		37A585FA240FAEC900386D50 /* Frameworks */ = {
			isa = PBXFrameworksBuildPhase;
			buildActionMask = 2147483647;
			files = (
			);
			runOnlyForDeploymentPostprocessing = 0;
		};
		37A58605240FAEC900386D50 /* Frameworks */ = {
			isa = PBXFrameworksBuildPhase;
			buildActionMask = 2147483647;
			files = (
			);
			runOnlyForDeploymentPostprocessing = 0;
		};
/* End PBXFrameworksBuildPhase section */

/* Begin PBXGroup section */
		37A585DE240FAEC400386D50 = {
			isa = PBXGroup;
			children = (
				37A585E9240FAEC500386D50 /* source */,
				37A58600240FAEC900386D50 /* TesterTests */,
				37A5860B240FAEC900386D50 /* TesterUITests */,
				37A585E8240FAEC500386D50 /* Products */,
			);
			sourceTree = "<group>";
		};
		37A585E8240FAEC500386D50 /* Products */ = {
			isa = PBXGroup;
			children = (
				37A585E7240FAEC500386D50 /* ManipulateNavigation.app */,
				37A585FD240FAEC900386D50 /* ManipulateNavigationTests.xctest */,
				37A58608240FAEC900386D50 /* ManipulateNavigationUITests.xctest */,
			);
			name = Products;
			sourceTree = "<group>";
		};
		37A585E9240FAEC500386D50 /* source */ = {
			isa = PBXGroup;
			children = (
				37A5861B240FB03D00386D50 /* Modules */,
				37A5861A240FAFDE00386D50 /* Resources */,
				37A585EA240FAEC500386D50 /* AppDelegate.swift */,
				37A585EC240FAEC500386D50 /* SceneDelegate.swift */,
				37A585F5240FAEC800386D50 /* LaunchScreen.storyboard */,
			);
			path = source;
			sourceTree = "<group>";
		};
		37A58600240FAEC900386D50 /* TesterTests */ = {
			isa = PBXGroup;
			children = (
				37A58601240FAEC900386D50 /* TesterTests.swift */,
				37A58603240FAEC900386D50 /* Info.plist */,
			);
			path = TesterTests;
			sourceTree = "<group>";
		};
		37A5860B240FAEC900386D50 /* TesterUITests */ = {
			isa = PBXGroup;
			children = (
				37A5860C240FAEC900386D50 /* TesterUITests.swift */,
				37A5860E240FAEC900386D50 /* Info.plist */,
			);
			path = TesterUITests;
			sourceTree = "<group>";
		};
		37A5861A240FAFDE00386D50 /* Resources */ = {
			isa = PBXGroup;
			children = (
				37A585F3240FAEC800386D50 /* Assets.xcassets */,
				37A585F8240FAEC800386D50 /* Info.plist */,
			);
			name = Resources;
			sourceTree = "<group>";
		};
		37A5861B240FB03D00386D50 /* Modules */ = {
			isa = PBXGroup;
			children = (
				37A585EE240FAEC500386D50 /* HomeController.swift */,
				37A5861E240FB4D100386D50 /* Controller1.swift */,
				37A58620240FB52F00386D50 /* Controller2.swift */,
			);
			name = Modules;
			sourceTree = "<group>";
		};
/* End PBXGroup section */

/* Begin PBXNativeTarget section */
		37A585E6240FAEC500386D50 /* ManipulateNavigation */ = {
			isa = PBXNativeTarget;
			buildConfigurationList = 37A58611240FAEC900386D50 /* Build configuration list for PBXNativeTarget "ManipulateNavigation" */;
			buildPhases = (
				37A585E3240FAEC500386D50 /* Sources */,
				37A585E4240FAEC500386D50 /* Frameworks */,
				37A585E5240FAEC500386D50 /* Resources */,
			);
			buildRules = (
			);
			dependencies = (
			);
			name = ManipulateNavigation;
			productName = Tester;
			productReference = 37A585E7240FAEC500386D50 /* ManipulateNavigation.app */;
			productType = "com.apple.product-type.application";
		};
		37A585FC240FAEC900386D50 /* ManipulateNavigationTests */ = {
			isa = PBXNativeTarget;
			buildConfigurationList = 37A58614240FAEC900386D50 /* Build configuration list for PBXNativeTarget "ManipulateNavigationTests" */;
			buildPhases = (
				37A585F9240FAEC900386D50 /* Sources */,
				37A585FA240FAEC900386D50 /* Frameworks */,
				37A585FB240FAEC900386D50 /* Resources */,
			);
			buildRules = (
			);
			dependencies = (
				37A585FF240FAEC900386D50 /* PBXTargetDependency */,
			);
			name = ManipulateNavigationTests;
			productName = TesterTests;
			productReference = 37A585FD240FAEC900386D50 /* ManipulateNavigationTests.xctest */;
			productType = "com.apple.product-type.bundle.unit-test";
		};
		37A58607240FAEC900386D50 /* ManipulateNavigationUITests */ = {
			isa = PBXNativeTarget;
			buildConfigurationList = 37A58617240FAEC900386D50 /* Build configuration list for PBXNativeTarget "ManipulateNavigationUITests" */;
			buildPhases = (
				37A58604240FAEC900386D50 /* Sources */,
				37A58605240FAEC900386D50 /* Frameworks */,
				37A58606240FAEC900386D50 /* Resources */,
			);
			buildRules = (
			);
			dependencies = (
				37A5860A240FAEC900386D50 /* PBXTargetDependency */,
			);
			name = ManipulateNavigationUITests;
			productName = TesterUITests;
			productReference = 37A58608240FAEC900386D50 /* ManipulateNavigationUITests.xctest */;
			productType = "com.apple.product-type.bundle.ui-testing";
		};
/* End PBXNativeTarget section */

/* Begin PBXProject section */
		37A585DF240FAEC400386D50 /* Project object */ = {
			isa = PBXProject;
			attributes = {
				LastSwiftUpdateCheck = 1130;
				LastUpgradeCheck = 1130;
				ORGANIZATIONNAME = "Singgih Nn";
				TargetAttributes = {
					37A585E6240FAEC500386D50 = {
						CreatedOnToolsVersion = 11.3.1;
					};
					37A585FC240FAEC900386D50 = {
						CreatedOnToolsVersion = 11.3.1;
						TestTargetID = 37A585E6240FAEC500386D50;
					};
					37A58607240FAEC900386D50 = {
						CreatedOnToolsVersion = 11.3.1;
						TestTargetID = 37A585E6240FAEC500386D50;
					};
				};
			};
			buildConfigurationList = 37A585E2240FAEC400386D50 /* Build configuration list for PBXProject "ManipulateNavigation" */;
			compatibilityVersion = "Xcode 9.3";
			developmentRegion = en;
			hasScannedForEncodings = 0;
			knownRegions = (
				en,
				Base,
			);
			mainGroup = 37A585DE240FAEC400386D50;
			productRefGroup = 37A585E8240FAEC500386D50 /* Products */;
			projectDirPath = "";
			projectRoot = "";
			targets = (
				37A585E6240FAEC500386D50 /* ManipulateNavigation */,
				37A585FC240FAEC900386D50 /* ManipulateNavigationTests */,
				37A58607240FAEC900386D50 /* ManipulateNavigationUITests */,
			);
		};
/* End PBXProject section */

/* Begin PBXResourcesBuildPhase section */
		37A585E5240FAEC500386D50 /* Resources */ = {
			isa = PBXResourcesBuildPhase;
			buildActionMask = 2147483647;
			files = (
				37A585F7240FAEC800386D50 /* LaunchScreen.storyboard in Resources */,
				37A585F4240FAEC800386D50 /* Assets.xcassets in Resources */,
			);
			runOnlyForDeploymentPostprocessing = 0;
		};
		37A585FB240FAEC900386D50 /* Resources */ = {
			isa = PBXResourcesBuildPhase;
			buildActionMask = 2147483647;
			files = (
			);
			runOnlyForDeploymentPostprocessing = 0;
		};
		37A58606240FAEC900386D50 /* Resources */ = {
			isa = PBXResourcesBuildPhase;
			buildActionMask = 2147483647;
			files = (
			);
			runOnlyForDeploymentPostprocessing = 0;
		};
/* End PBXResourcesBuildPhase section */

/* Begin PBXSourcesBuildPhase section */
		37A585E3240FAEC500386D50 /* Sources */ = {
			isa = PBXSourcesBuildPhase;
			buildActionMask = 2147483647;
			files = (
				37A58621240FB52F00386D50 /* Controller2.swift in Sources */,
				37A585EF240FAEC500386D50 /* HomeController.swift in Sources */,
				37A585EB240FAEC500386D50 /* AppDelegate.swift in Sources */,
				37A585ED240FAEC500386D50 /* SceneDelegate.swift in Sources */,
				37A5861F240FB4D100386D50 /* Controller1.swift in Sources */,
			);
			runOnlyForDeploymentPostprocessing = 0;
		};
		37A585F9240FAEC900386D50 /* Sources */ = {
			isa = PBXSourcesBuildPhase;
			buildActionMask = 2147483647;
			files = (
				37A58602240FAEC900386D50 /* TesterTests.swift in Sources */,
			);
			runOnlyForDeploymentPostprocessing = 0;
		};
		37A58604240FAEC900386D50 /* Sources */ = {
			isa = PBXSourcesBuildPhase;
			buildActionMask = 2147483647;
			files = (
				37A5860D240FAEC900386D50 /* TesterUITests.swift in Sources */,
			);
			runOnlyForDeploymentPostprocessing = 0;
		};
/* End PBXSourcesBuildPhase section */

/* Begin PBXTargetDependency section */
		37A585FF240FAEC900386D50 /* PBXTargetDependency */ = {
			isa = PBXTargetDependency;
			target = 37A585E6240FAEC500386D50 /* ManipulateNavigation */;
			targetProxy = 37A585FE240FAEC900386D50 /* PBXContainerItemProxy */;
		};
		37A5860A240FAEC900386D50 /* PBXTargetDependency */ = {
			isa = PBXTargetDependency;
			target = 37A585E6240FAEC500386D50 /* ManipulateNavigation */;
			targetProxy = 37A58609240FAEC900386D50 /* PBXContainerItemProxy */;
		};
/* End PBXTargetDependency section */

/* Begin PBXVariantGroup section */
		37A585F5240FAEC800386D50 /* LaunchScreen.storyboard */ = {
			isa = PBXVariantGroup;
			children = (
				37A585F6240FAEC800386D50 /* Base */,
			);
			name = LaunchScreen.storyboard;
			sourceTree = "<group>";
		};
/* End PBXVariantGroup section */

/* Begin XCBuildConfiguration section */
		37A5860F240FAEC900386D50 /* Debug */ = {
			isa = XCBuildConfiguration;
			buildSettings = {
				ALWAYS_SEARCH_USER_PATHS = NO;
				CLANG_ANALYZER_NONNULL = YES;
				CLANG_ANALYZER_NUMBER_OBJECT_CONVERSION = YES_AGGRESSIVE;
				CLANG_CXX_LANGUAGE_STANDARD = "gnu++14";
				CLANG_CXX_LIBRARY = "libc++";
				CLANG_ENABLE_MODULES = YES;
				CLANG_ENABLE_OBJC_ARC = YES;
				CLANG_ENABLE_OBJC_WEAK = YES;
				CLANG_WARN_BLOCK_CAPTURE_AUTORELEASING = YES;
				CLANG_WARN_BOOL_CONVERSION = YES;
				CLANG_WARN_COMMA = YES;
				CLANG_WARN_CONSTANT_CONVERSION = YES;
				CLANG_WARN_DEPRECATED_OBJC_IMPLEMENTATIONS = YES;
				CLANG_WARN_DIRECT_OBJC_ISA_USAGE = YES_ERROR;
				CLANG_WARN_DOCUMENTATION_COMMENTS = YES;
				CLANG_WARN_EMPTY_BODY = YES;
				CLANG_WARN_ENUM_CONVERSION = YES;
				CLANG_WARN_INFINITE_RECURSION = YES;
				CLANG_WARN_INT_CONVERSION = YES;
				CLANG_WARN_NON_LITERAL_NULL_CONVERSION = YES;
				CLANG_WARN_OBJC_IMPLICIT_RETAIN_SELF = YES;
				CLANG_WARN_OBJC_LITERAL_CONVERSION = YES;
				CLANG_WARN_OBJC_ROOT_CLASS = YES_ERROR;
				CLANG_WARN_RANGE_LOOP_ANALYSIS = YES;
				CLANG_WARN_STRICT_PROTOTYPES = YES;
				CLANG_WARN_SUSPICIOUS_MOVE = YES;
				CLANG_WARN_UNGUARDED_AVAILABILITY = YES_AGGRESSIVE;
				CLANG_WARN_UNREACHABLE_CODE = YES;
				CLANG_WARN__DUPLICATE_METHOD_MATCH = YES;
				COPY_PHASE_STRIP = NO;
				DEBUG_INFORMATION_FORMAT = dwarf;
				ENABLE_STRICT_OBJC_MSGSEND = YES;
				ENABLE_TESTABILITY = YES;
				GCC_C_LANGUAGE_STANDARD = gnu11;
				GCC_DYNAMIC_NO_PIC = NO;
				GCC_NO_COMMON_BLOCKS = YES;
				GCC_OPTIMIZATION_LEVEL = 0;
				GCC_PREPROCESSOR_DEFINITIONS = (
					"DEBUG=1",
					"$(inherited)",
				);
				GCC_WARN_64_TO_32_BIT_CONVERSION = YES;
				GCC_WARN_ABOUT_RETURN_TYPE = YES_ERROR;
				GCC_WARN_UNDECLARED_SELECTOR = YES;
				GCC_WARN_UNINITIALIZED_AUTOS = YES_AGGRESSIVE;
				GCC_WARN_UNUSED_FUNCTION = YES;
				GCC_WARN_UNUSED_VARIABLE = YES;
				INFOPLIST_FILE = Tester/source/info.plist;
				IPHONEOS_DEPLOYMENT_TARGET = 13.2;
				MTL_ENABLE_DEBUG_INFO = INCLUDE_SOURCE;
				MTL_FAST_MATH = YES;
				ONLY_ACTIVE_ARCH = YES;
				SDKROOT = iphoneos;
				SWIFT_ACTIVE_COMPILATION_CONDITIONS = DEBUG;
				SWIFT_OPTIMIZATION_LEVEL = "-Onone";
			};
			name = Debug;
		};
		37A58610240FAEC900386D50 /* Release */ = {
			isa = XCBuildConfiguration;
			buildSettings = {
				ALWAYS_SEARCH_USER_PATHS = NO;
				CLANG_ANALYZER_NONNULL = YES;
				CLANG_ANALYZER_NUMBER_OBJECT_CONVERSION = YES_AGGRESSIVE;
				CLANG_CXX_LANGUAGE_STANDARD = "gnu++14";
				CLANG_CXX_LIBRARY = "libc++";
				CLANG_ENABLE_MODULES = YES;
				CLANG_ENABLE_OBJC_ARC = YES;
				CLANG_ENABLE_OBJC_WEAK = YES;
				CLANG_WARN_BLOCK_CAPTURE_AUTORELEASING = YES;
				CLANG_WARN_BOOL_CONVERSION = YES;
				CLANG_WARN_COMMA = YES;
				CLANG_WARN_CONSTANT_CONVERSION = YES;
				CLANG_WARN_DEPRECATED_OBJC_IMPLEMENTATIONS = YES;
				CLANG_WARN_DIRECT_OBJC_ISA_USAGE = YES_ERROR;
				CLANG_WARN_DOCUMENTATION_COMMENTS = YES;
				CLANG_WARN_EMPTY_BODY = YES;
				CLANG_WARN_ENUM_CONVERSION = YES;
				CLANG_WARN_INFINITE_RECURSION = YES;
				CLANG_WARN_INT_CONVERSION = YES;
				CLANG_WARN_NON_LITERAL_NULL_CONVERSION = YES;
				CLANG_WARN_OBJC_IMPLICIT_RETAIN_SELF = YES;
				CLANG_WARN_OBJC_LITERAL_CONVERSION = YES;
				CLANG_WARN_OBJC_ROOT_CLASS = YES_ERROR;
				CLANG_WARN_RANGE_LOOP_ANALYSIS = YES;
				CLANG_WARN_STRICT_PROTOTYPES = YES;
				CLANG_WARN_SUSPICIOUS_MOVE = YES;
				CLANG_WARN_UNGUARDED_AVAILABILITY = YES_AGGRESSIVE;
				CLANG_WARN_UNREACHABLE_CODE = YES;
				CLANG_WARN__DUPLICATE_METHOD_MATCH = YES;
				COPY_PHASE_STRIP = NO;
				DEBUG_INFORMATION_FORMAT = "dwarf-with-dsym";
				ENABLE_NS_ASSERTIONS = NO;
				ENABLE_STRICT_OBJC_MSGSEND = YES;
				GCC_C_LANGUAGE_STANDARD = gnu11;
				GCC_NO_COMMON_BLOCKS = YES;
				GCC_WARN_64_TO_32_BIT_CONVERSION = YES;
				GCC_WARN_ABOUT_RETURN_TYPE = YES_ERROR;
				GCC_WARN_UNDECLARED_SELECTOR = YES;
				GCC_WARN_UNINITIALIZED_AUTOS = YES_AGGRESSIVE;
				GCC_WARN_UNUSED_FUNCTION = YES;
				GCC_WARN_UNUSED_VARIABLE = YES;
				INFOPLIST_FILE = Tester/source/info.plist;
				IPHONEOS_DEPLOYMENT_TARGET = 13.2;
				MTL_ENABLE_DEBUG_INFO = NO;
				MTL_FAST_MATH = YES;
				SDKROOT = iphoneos;
				SWIFT_COMPILATION_MODE = wholemodule;
				SWIFT_OPTIMIZATION_LEVEL = "-O";
				VALIDATE_PRODUCT = YES;
			};
			name = Release;
		};
		37A58612240FAEC900386D50 /* Debug */ = {
			isa = XCBuildConfiguration;
			buildSettings = {
				ASSETCATALOG_COMPILER_APPICON_NAME = AppIcon;
				CODE_SIGN_STYLE = Automatic;
				DEVELOPMENT_TEAM = 8BL7JMBWS8;
				INFOPLIST_FILE = source/Info.plist;
				LD_RUNPATH_SEARCH_PATHS = (
					"$(inherited)",
					"@executable_path/Frameworks",
				);
				PRODUCT_BUNDLE_IDENTIFIER = com.litch.Tester;
				PRODUCT_NAME = "$(TARGET_NAME)";
				SWIFT_VERSION = 5.0;
				TARGETED_DEVICE_FAMILY = "1,2";
			};
			name = Debug;
		};
		37A58613240FAEC900386D50 /* Release */ = {
			isa = XCBuildConfiguration;
			buildSettings = {
				ASSETCATALOG_COMPILER_APPICON_NAME = AppIcon;
				CODE_SIGN_STYLE = Automatic;
				DEVELOPMENT_TEAM = 8BL7JMBWS8;
				INFOPLIST_FILE = source/Info.plist;
				LD_RUNPATH_SEARCH_PATHS = (
					"$(inherited)",
					"@executable_path/Frameworks",
				);
				PRODUCT_BUNDLE_IDENTIFIER = com.litch.Tester;
				PRODUCT_NAME = "$(TARGET_NAME)";
				SWIFT_VERSION = 5.0;
				TARGETED_DEVICE_FAMILY = "1,2";
			};
			name = Release;
		};
		37A58615240FAEC900386D50 /* Debug */ = {
			isa = XCBuildConfiguration;
			buildSettings = {
				ALWAYS_EMBED_SWIFT_STANDARD_LIBRARIES = YES;
				BUNDLE_LOADER = "$(TEST_HOST)";
				CODE_SIGN_STYLE = Automatic;
				DEVELOPMENT_TEAM = 8BL7JMBWS8;
				INFOPLIST_FILE = TesterTests/Info.plist;
				IPHONEOS_DEPLOYMENT_TARGET = 13.2;
				LD_RUNPATH_SEARCH_PATHS = (
					"$(inherited)",
					"@executable_path/Frameworks",
					"@loader_path/Frameworks",
				);
				PRODUCT_BUNDLE_IDENTIFIER = com.litch.TesterTests;
				PRODUCT_NAME = "$(TARGET_NAME)";
				SWIFT_VERSION = 5.0;
				TARGETED_DEVICE_FAMILY = "1,2";
				TEST_HOST = "$(BUILT_PRODUCTS_DIR)/ManipulateNavigation.app/ManipulateNavigation";
			};
			name = Debug;
		};
		37A58616240FAEC900386D50 /* Release */ = {
			isa = XCBuildConfiguration;
			buildSettings = {
				ALWAYS_EMBED_SWIFT_STANDARD_LIBRARIES = YES;
				BUNDLE_LOADER = "$(TEST_HOST)";
				CODE_SIGN_STYLE = Automatic;
				DEVELOPMENT_TEAM = 8BL7JMBWS8;
				INFOPLIST_FILE = TesterTests/Info.plist;
				IPHONEOS_DEPLOYMENT_TARGET = 13.2;
				LD_RUNPATH_SEARCH_PATHS = (
					"$(inherited)",
					"@executable_path/Frameworks",
					"@loader_path/Frameworks",
				);
				PRODUCT_BUNDLE_IDENTIFIER = com.litch.TesterTests;
				PRODUCT_NAME = "$(TARGET_NAME)";
				SWIFT_VERSION = 5.0;
				TARGETED_DEVICE_FAMILY = "1,2";
				TEST_HOST = "$(BUILT_PRODUCTS_DIR)/ManipulateNavigation.app/ManipulateNavigation";
			};
			name = Release;
		};
		37A58618240FAEC900386D50 /* Debug */ = {
			isa = XCBuildConfiguration;
			buildSettings = {
				ALWAYS_EMBED_SWIFT_STANDARD_LIBRARIES = YES;
				CODE_SIGN_STYLE = Automatic;
				DEVELOPMENT_TEAM = 8BL7JMBWS8;
				INFOPLIST_FILE = TesterUITests/Info.plist;
				LD_RUNPATH_SEARCH_PATHS = (
					"$(inherited)",
					"@executable_path/Frameworks",
					"@loader_path/Frameworks",
				);
				PRODUCT_BUNDLE_IDENTIFIER = com.litch.TesterUITests;
				PRODUCT_NAME = "$(TARGET_NAME)";
				SWIFT_VERSION = 5.0;
				TARGETED_DEVICE_FAMILY = "1,2";
				TEST_TARGET_NAME = Tester;
			};
			name = Debug;
		};
		37A58619240FAEC900386D50 /* Release */ = {
			isa = XCBuildConfiguration;
			buildSettings = {
				ALWAYS_EMBED_SWIFT_STANDARD_LIBRARIES = YES;
				CODE_SIGN_STYLE = Automatic;
				DEVELOPMENT_TEAM = 8BL7JMBWS8;
				INFOPLIST_FILE = TesterUITests/Info.plist;
				LD_RUNPATH_SEARCH_PATHS = (
					"$(inherited)",
					"@executable_path/Frameworks",
					"@loader_path/Frameworks",
				);
				PRODUCT_BUNDLE_IDENTIFIER = com.litch.TesterUITests;
				PRODUCT_NAME = "$(TARGET_NAME)";
				SWIFT_VERSION = 5.0;
				TARGETED_DEVICE_FAMILY = "1,2";
				TEST_TARGET_NAME = Tester;
			};
			name = Release;
		};
/* End XCBuildConfiguration section */

/* Begin XCConfigurationList section */
		37A585E2240FAEC400386D50 /* Build configuration list for PBXProject "ManipulateNavigation" */ = {
			isa = XCConfigurationList;
			buildConfigurations = (
				37A5860F240FAEC900386D50 /* Debug */,
				37A58610240FAEC900386D50 /* Release */,
			);
			defaultConfigurationIsVisible = 0;
			defaultConfigurationName = Release;
		};
		37A58611240FAEC900386D50 /* Build configuration list for PBXNativeTarget "ManipulateNavigation" */ = {
			isa = XCConfigurationList;
			buildConfigurations = (
				37A58612240FAEC900386D50 /* Debug */,
				37A58613240FAEC900386D50 /* Release */,
			);
			defaultConfigurationIsVisible = 0;
			defaultConfigurationName = Release;
		};
		37A58614240FAEC900386D50 /* Build configuration list for PBXNativeTarget "ManipulateNavigationTests" */ = {
			isa = XCConfigurationList;
			buildConfigurations = (
				37A58615240FAEC900386D50 /* Debug */,
				37A58616240FAEC900386D50 /* Release */,
			);
			defaultConfigurationIsVisible = 0;
			defaultConfigurationName = Release;
		};
		37A58617240FAEC900386D50 /* Build configuration list for PBXNativeTarget "ManipulateNavigationUITests" */ = {
			isa = XCConfigurationList;
			buildConfigurations = (
				37A58618240FAEC900386D50 /* Debug */,
				37A58619240FAEC900386D50 /* Release */,
			);
			defaultConfigurationIsVisible = 0;
			defaultConfigurationName = Release;
		};
/* End XCConfigurationList section */
	};
	rootObject = 37A585DF240FAEC400386D50 /* Project object */;
}
